
Microsoft Visual Studio Solution File, Format Version 12.00
# Visual Studio Version 16
VisualStudioVersion = 16.0.30503.244
MinimumVisualStudioVersion = 10.0.40219.1
Project("{9A19103F-16F7-4668-BE54-9A1E7A4F7556}") = "BinarySearchTree", "BinarySearchTree\BinarySearchTree.csproj", "{E1405E79-7CBD-4511-ABF5-0E14C487B735}"
EndProject
Project("{FAE04EC0-301F-11D3-BF4B-00C04F79EFBC}") = "UnitTests", "UnitTests\UnitTests.csproj", "{A4978A95-F64D-4C94-8299-BC4B6E4E098C}"
EndProject
Global
	GlobalSection(SolutionConfigurationPlatforms) = preSolution
		Debug|Any CPU = Debug|Any CPU
		Release|Any CPU = Release|Any CPU
	EndGlobalSection
	GlobalSection(ProjectConfigurationPlatforms) = postSolution
		{E1405E79-7CBD-4511-ABF5-0E14C487B735}.Debug|Any CPU.ActiveCfg = Debug|Any CPU
		{E1405E79-7CBD-4511-ABF5-0E14C487B735}.Debug|Any CPU.Build.0 = Debug|Any CPU
		{E1405E79-7CBD-4511-ABF5-0E14C487B735}.Release|Any CPU.ActiveCfg = Release|Any CPU
		{E1405E79-7CBD-4511-ABF5-0E14C487B735}.Release|Any CPU.Build.0 = Release|Any CPU
		{A4978A95-F64D-4C94-8299-BC4B6E4E098C}.Debug|Any CPU.ActiveCfg = Debug|Any CPU
		{A4978A95-F64D-4C94-8299-BC4B6E4E098C}.Debug|Any CPU.Build.0 = Debug|Any CPU
		{A4978A95-F64D-4C94-8299-BC4B6E4E098C}.Release|Any CPU.ActiveCfg = Release|Any CPU
		{A4978A95-F64D-4C94-8299-BC4B6E4E098C}.Release|Any CPU.Build.0 = Release|Any CPU
	EndGlobalSection
	GlobalSection(SolutionProperties) = preSolution
		HideSolutionNode = FALSE
	EndGlobalSection
	GlobalSection(ExtensibilityGlobals) = postSolution
		SolutionGuid = {1A18735C-844F-4010-A296-059132CABD48}
	EndGlobalSection
EndGlobal
